<?xml version="1.0" encoding="UTF-8"?>
<!DOCTYPE plist PUBLIC "-//Apple//DTD PLIST 1.0//EN" "http://www.apple.com/DTDs/PropertyList-1.0.dtd">
<plist version="1.0">
<dict>
	<key>archiveVersion</key>
	<string>1</string>
	<key>classes</key>
	<dict/>
	<key>objectVersion</key>
	<string>46</string>
	<key>objects</key>
	<dict>
		<key>47628188359F4108B7B81B6C</key>
		<dict>
			<key>buildActionMask</key>
			<string>2147483647</string>
			<key>files</key>
			<array/>
			<key>inputPaths</key>
			<array/>
			<key>isa</key>
			<string>PBXShellScriptBuildPhase</string>
			<key>name</key>
			<string>Copy Pods Resources</string>
			<key>outputPaths</key>
			<array/>
			<key>runOnlyForDeploymentPostprocessing</key>
			<string>0</string>
			<key>shellPath</key>
			<string>/bin/sh</string>
			<key>shellScript</key>
			<string>"${SRCROOT}/Pods/Pods-DXTableKitTests-resources.sh"
</string>
		</dict>
		<key>B812E86EA87444959FB0D508</key>
		<dict>
			<key>explicitFileType</key>
			<string>archive.ar</string>
			<key>includeInIndex</key>
			<string>0</string>
			<key>isa</key>
			<string>PBXFileReference</string>
			<key>name</key>
			<string>libPods-DXTableKitTests.a</string>
			<key>path</key>
			<string>libPods-DXTableKitTests.a</string>
			<key>sourceTree</key>
			<string>BUILT_PRODUCTS_DIR</string>
		</dict>
		<key>C1713EFBE359476AA0294F5E</key>
		<dict>
			<key>fileRef</key>
			<string>B812E86EA87444959FB0D508</string>
			<key>isa</key>
			<string>PBXBuildFile</string>
		</dict>
		<key>C39B66AC5E5D40E28EE1BBE2</key>
		<dict>
			<key>includeInIndex</key>
			<string>1</string>
			<key>isa</key>
			<string>PBXFileReference</string>
			<key>lastKnownFileType</key>
			<string>text.xcconfig</string>
			<key>name</key>
			<string>Pods-DXTableKitTests.xcconfig</string>
			<key>path</key>
			<string>Pods/Pods-DXTableKitTests.xcconfig</string>
			<key>sourceTree</key>
			<string>SOURCE_ROOT</string>
		</dict>
		<key>EA43E4A31625F81600C76AF8</key>
		<dict>
			<key>children</key>
			<array>
				<string>EA43E4B81625F81600C76AF8</string>
				<string>EA43E4D61625F81600C76AF8</string>
				<string>EA43E4B11625F81600C76AF8</string>
				<string>EA43E4AF1625F81600C76AF8</string>
				<string>C39B66AC5E5D40E28EE1BBE2</string>
			</array>
			<key>isa</key>
			<string>PBXGroup</string>
			<key>sourceTree</key>
			<string>&lt;group&gt;</string>
		</dict>
		<key>EA43E4A51625F81600C76AF8</key>
		<dict>
			<key>attributes</key>
			<dict>
				<key>CLASSPREFIX</key>
				<string>DX</string>
				<key>LastUpgradeCheck</key>
				<string>0450</string>
				<key>ORGANIZATIONNAME</key>
				<string>TheSooth</string>
			</dict>
			<key>buildConfigurationList</key>
			<string>EA43E4A81625F81600C76AF8</string>
			<key>compatibilityVersion</key>
			<string>Xcode 3.2</string>
			<key>developmentRegion</key>
			<string>English</string>
			<key>hasScannedForEncodings</key>
			<string>0</string>
			<key>isa</key>
			<string>PBXProject</string>
			<key>knownRegions</key>
			<array>
				<string>en</string>
			</array>
			<key>mainGroup</key>
			<string>EA43E4A31625F81600C76AF8</string>
			<key>productRefGroup</key>
			<string>EA43E4AF1625F81600C76AF8</string>
			<key>projectDirPath</key>
			<string></string>
			<key>projectRoot</key>
			<string></string>
			<key>targets</key>
			<array>
				<string>EA43E4AD1625F81600C76AF8</string>
				<string>EA43E4CE1625F81600C76AF8</string>
			</array>
		</dict>
		<key>EA43E4A81625F81600C76AF8</key>
		<dict>
			<key>buildConfigurations</key>
			<array>
				<string>EA43E4DF1625F81600C76AF8</string>
				<string>EA43E4E01625F81600C76AF8</string>
			</array>
			<key>defaultConfigurationIsVisible</key>
			<string>0</string>
			<key>defaultConfigurationName</key>
			<string>Release</string>
			<key>isa</key>
			<string>XCConfigurationList</string>
		</dict>
		<key>EA43E4AA1625F81600C76AF8</key>
		<dict>
			<key>buildActionMask</key>
			<string>2147483647</string>
			<key>files</key>
			<array>
				<string>EA43E4BF1625F81600C76AF8</string>
				<string>EA43E4C31625F81600C76AF8</string>
				<string>EA43E4E91625F83000C76AF8</string>
				<string>EA43E4EC1625F88500C76AF8</string>
				<string>EA43E4EF1625F89E00C76AF8</string>
				<string>EA43E4F21625FC0A00C76AF8</string>
				<string>EA43E4F51625FC4000C76AF8</string>
				<string>EA43E4F81625FC5B00C76AF8</string>
				<string>EA43E5021626003D00C76AF8</string>
				<string>EA43E5031626003D00C76AF8</string>
				<string>EA43E508162604BF00C76AF8</string>
				<string>EA43E51316260D1100C76AF8</string>
			</array>
			<key>isa</key>
			<string>PBXSourcesBuildPhase</string>
			<key>runOnlyForDeploymentPostprocessing</key>
			<string>0</string>
		</dict>
		<key>EA43E4AB1625F81600C76AF8</key>
		<dict>
			<key>buildActionMask</key>
			<string>2147483647</string>
			<key>files</key>
			<array>
				<string>EA43E4B31625F81600C76AF8</string>
				<string>EA43E4B51625F81600C76AF8</string>
				<string>EA43E4B71625F81600C76AF8</string>
			</array>
			<key>isa</key>
			<string>PBXFrameworksBuildPhase</string>
			<key>runOnlyForDeploymentPostprocessing</key>
			<string>0</string>
		</dict>
		<key>EA43E4AC1625F81600C76AF8</key>
		<dict>
			<key>buildActionMask</key>
			<string>2147483647</string>
			<key>files</key>
			<array>
				<string>EA43E4BD1625F81600C76AF8</string>
				<string>EA43E4C51625F81600C76AF8</string>
				<string>EA43E4C71625F81600C76AF8</string>
				<string>EA43E4C91625F81600C76AF8</string>
			</array>
			<key>isa</key>
			<string>PBXResourcesBuildPhase</string>
			<key>runOnlyForDeploymentPostprocessing</key>
			<string>0</string>
		</dict>
		<key>EA43E4AD1625F81600C76AF8</key>
		<dict>
			<key>buildConfigurationList</key>
			<string>EA43E4E11625F81600C76AF8</string>
			<key>buildPhases</key>
			<array>
				<string>EA43E4AA1625F81600C76AF8</string>
				<string>EA43E4AB1625F81600C76AF8</string>
				<string>EA43E4AC1625F81600C76AF8</string>
			</array>
			<key>buildRules</key>
			<array/>
			<key>dependencies</key>
			<array/>
			<key>isa</key>
			<string>PBXNativeTarget</string>
			<key>name</key>
			<string>DXTableKit</string>
			<key>productName</key>
			<string>DXTableKit</string>
			<key>productReference</key>
			<string>EA43E4AE1625F81600C76AF8</string>
			<key>productType</key>
			<string>com.apple.product-type.application</string>
		</dict>
		<key>EA43E4AE1625F81600C76AF8</key>
		<dict>
			<key>explicitFileType</key>
			<string>wrapper.application</string>
			<key>includeInIndex</key>
			<string>0</string>
			<key>isa</key>
			<string>PBXFileReference</string>
			<key>name</key>
			<string>DXTableKit.app</string>
			<key>path</key>
			<string>DXTableKit.app</string>
			<key>sourceTree</key>
			<string>BUILT_PRODUCTS_DIR</string>
		</dict>
		<key>EA43E4AF1625F81600C76AF8</key>
		<dict>
			<key>children</key>
			<array>
				<string>EA43E4AE1625F81600C76AF8</string>
				<string>EA43E4CF1625F81600C76AF8</string>
			</array>
			<key>isa</key>
			<string>PBXGroup</string>
			<key>name</key>
			<string>Products</string>
			<key>sourceTree</key>
			<string>&lt;group&gt;</string>
		</dict>
		<key>EA43E4B11625F81600C76AF8</key>
		<dict>
			<key>children</key>
			<array>
				<string>EA43E4D01625F81600C76AF8</string>
				<string>EA43E4B61625F81600C76AF8</string>
				<string>EA43E4B41625F81600C76AF8</string>
				<string>EA43E4B21625F81600C76AF8</string>
				<string>B812E86EA87444959FB0D508</string>
			</array>
			<key>isa</key>
			<string>PBXGroup</string>
			<key>name</key>
			<string>Frameworks</string>
			<key>sourceTree</key>
			<string>&lt;group&gt;</string>
		</dict>
		<key>EA43E4B21625F81600C76AF8</key>
		<dict>
			<key>includeInIndex</key>
			<string>1</string>
			<key>isa</key>
			<string>PBXFileReference</string>
			<key>lastKnownFileType</key>
			<string>wrapper.framework</string>
			<key>name</key>
			<string>UIKit.framework</string>
			<key>path</key>
			<string>System/Library/Frameworks/UIKit.framework</string>
			<key>sourceTree</key>
			<string>SDKROOT</string>
		</dict>
		<key>EA43E4B31625F81600C76AF8</key>
		<dict>
			<key>fileRef</key>
			<string>EA43E4B21625F81600C76AF8</string>
			<key>isa</key>
			<string>PBXBuildFile</string>
		</dict>
		<key>EA43E4B41625F81600C76AF8</key>
		<dict>
			<key>includeInIndex</key>
			<string>1</string>
			<key>isa</key>
			<string>PBXFileReference</string>
			<key>lastKnownFileType</key>
			<string>wrapper.framework</string>
			<key>name</key>
			<string>Foundation.framework</string>
			<key>path</key>
			<string>System/Library/Frameworks/Foundation.framework</string>
			<key>sourceTree</key>
			<string>SDKROOT</string>
		</dict>
		<key>EA43E4B51625F81600C76AF8</key>
		<dict>
			<key>fileRef</key>
			<string>EA43E4B41625F81600C76AF8</string>
			<key>isa</key>
			<string>PBXBuildFile</string>
		</dict>
		<key>EA43E4B61625F81600C76AF8</key>
		<dict>
			<key>isa</key>
			<string>PBXFileReference</string>
			<key>lastKnownFileType</key>
			<string>wrapper.framework</string>
			<key>name</key>
			<string>CoreGraphics.framework</string>
			<key>path</key>
			<string>System/Library/Frameworks/CoreGraphics.framework</string>
			<key>sourceTree</key>
			<string>SDKROOT</string>
		</dict>
		<key>EA43E4B71625F81600C76AF8</key>
		<dict>
			<key>fileRef</key>
			<string>EA43E4B61625F81600C76AF8</string>
			<key>isa</key>
			<string>PBXBuildFile</string>
		</dict>
		<key>EA43E4B81625F81600C76AF8</key>
		<dict>
			<key>children</key>
			<array>
				<string>EA43E5041626046300C76AF8</string>
				<string>EA43E5051626048000C76AF8</string>
				<string>EA43E4C11625F81600C76AF8</string>
				<string>EA43E4C21625F81600C76AF8</string>
				<string>EA43E4E71625F82F00C76AF8</string>
				<string>EA43E4E81625F82F00C76AF8</string>
				<string>EA43E4B91625F81600C76AF8</string>
			</array>
			<key>isa</key>
			<string>PBXGroup</string>
			<key>path</key>
			<string>DXTableKit</string>
			<key>sourceTree</key>
			<string>&lt;group&gt;</string>
		</dict>
		<key>EA43E4B91625F81600C76AF8</key>
		<dict>
			<key>children</key>
			<array>
				<string>EA43E4BA1625F81600C76AF8</string>
				<string>EA43E4BB1625F81600C76AF8</string>
				<string>EA43E4BE1625F81600C76AF8</string>
				<string>EA43E4C01625F81600C76AF8</string>
				<string>EA43E4C41625F81600C76AF8</string>
				<string>EA43E4C61625F81600C76AF8</string>
				<string>EA43E4C81625F81600C76AF8</string>
			</array>
			<key>isa</key>
			<string>PBXGroup</string>
			<key>name</key>
			<string>Supporting Files</string>
			<key>sourceTree</key>
			<string>&lt;group&gt;</string>
		</dict>
		<key>EA43E4BA1625F81600C76AF8</key>
		<dict>
			<key>isa</key>
			<string>PBXFileReference</string>
			<key>lastKnownFileType</key>
			<string>text.plist.xml</string>
			<key>path</key>
			<string>DXTableKit-Info.plist</string>
			<key>sourceTree</key>
			<string>&lt;group&gt;</string>
		</dict>
		<key>EA43E4BB1625F81600C76AF8</key>
		<dict>
			<key>children</key>
			<array>
				<string>EA43E4BC1625F81600C76AF8</string>
			</array>
			<key>isa</key>
			<string>PBXVariantGroup</string>
			<key>name</key>
			<string>InfoPlist.strings</string>
			<key>sourceTree</key>
			<string>&lt;group&gt;</string>
		</dict>
		<key>EA43E4BC1625F81600C76AF8</key>
		<dict>
			<key>isa</key>
			<string>PBXFileReference</string>
			<key>lastKnownFileType</key>
			<string>text.plist.strings</string>
			<key>name</key>
			<string>en</string>
			<key>path</key>
			<string>en.lproj/InfoPlist.strings</string>
			<key>sourceTree</key>
			<string>&lt;group&gt;</string>
		</dict>
		<key>EA43E4BD1625F81600C76AF8</key>
		<dict>
			<key>fileRef</key>
			<string>EA43E4BB1625F81600C76AF8</string>
			<key>isa</key>
			<string>PBXBuildFile</string>
		</dict>
		<key>EA43E4BE1625F81600C76AF8</key>
		<dict>
			<key>isa</key>
			<string>PBXFileReference</string>
			<key>lastKnownFileType</key>
			<string>sourcecode.c.objc</string>
			<key>path</key>
			<string>main.m</string>
			<key>sourceTree</key>
			<string>&lt;group&gt;</string>
		</dict>
		<key>EA43E4BF1625F81600C76AF8</key>
		<dict>
			<key>fileRef</key>
			<string>EA43E4BE1625F81600C76AF8</string>
			<key>isa</key>
			<string>PBXBuildFile</string>
		</dict>
		<key>EA43E4C01625F81600C76AF8</key>
		<dict>
			<key>isa</key>
			<string>PBXFileReference</string>
			<key>lastKnownFileType</key>
			<string>sourcecode.c.h</string>
			<key>path</key>
			<string>DXTableKit-Prefix.pch</string>
			<key>sourceTree</key>
			<string>&lt;group&gt;</string>
		</dict>
		<key>EA43E4C11625F81600C76AF8</key>
		<dict>
			<key>isa</key>
			<string>PBXFileReference</string>
			<key>lastKnownFileType</key>
			<string>sourcecode.c.h</string>
			<key>path</key>
			<string>DXAppDelegate.h</string>
			<key>sourceTree</key>
			<string>&lt;group&gt;</string>
		</dict>
		<key>EA43E4C21625F81600C76AF8</key>
		<dict>
			<key>isa</key>
			<string>PBXFileReference</string>
			<key>lastKnownFileType</key>
			<string>sourcecode.c.objc</string>
			<key>path</key>
			<string>DXAppDelegate.m</string>
			<key>sourceTree</key>
			<string>&lt;group&gt;</string>
		</dict>
		<key>EA43E4C31625F81600C76AF8</key>
		<dict>
			<key>fileRef</key>
			<string>EA43E4C21625F81600C76AF8</string>
			<key>isa</key>
			<string>PBXBuildFile</string>
		</dict>
		<key>EA43E4C41625F81600C76AF8</key>
		<dict>
			<key>isa</key>
			<string>PBXFileReference</string>
			<key>lastKnownFileType</key>
			<string>image.png</string>
			<key>path</key>
			<string>Default.png</string>
			<key>sourceTree</key>
			<string>&lt;group&gt;</string>
		</dict>
		<key>EA43E4C51625F81600C76AF8</key>
		<dict>
			<key>fileRef</key>
			<string>EA43E4C41625F81600C76AF8</string>
			<key>isa</key>
			<string>PBXBuildFile</string>
		</dict>
		<key>EA43E4C61625F81600C76AF8</key>
		<dict>
			<key>isa</key>
			<string>PBXFileReference</string>
			<key>lastKnownFileType</key>
			<string>image.png</string>
			<key>path</key>
			<string>Default@2x.png</string>
			<key>sourceTree</key>
			<string>&lt;group&gt;</string>
		</dict>
		<key>EA43E4C71625F81600C76AF8</key>
		<dict>
			<key>fileRef</key>
			<string>EA43E4C61625F81600C76AF8</string>
			<key>isa</key>
			<string>PBXBuildFile</string>
		</dict>
		<key>EA43E4C81625F81600C76AF8</key>
		<dict>
			<key>isa</key>
			<string>PBXFileReference</string>
			<key>lastKnownFileType</key>
			<string>image.png</string>
			<key>path</key>
			<string>Default-568h@2x.png</string>
			<key>sourceTree</key>
			<string>&lt;group&gt;</string>
		</dict>
		<key>EA43E4C91625F81600C76AF8</key>
		<dict>
			<key>fileRef</key>
			<string>EA43E4C81625F81600C76AF8</string>
			<key>isa</key>
			<string>PBXBuildFile</string>
		</dict>
		<key>EA43E4CA1625F81600C76AF8</key>
		<dict>
			<key>buildActionMask</key>
			<string>2147483647</string>
			<key>files</key>
			<array>
				<string>EAAF7C3C1627031E00D2AFE3</string>
				<string>EAAF7C3D1627031E00D2AFE3</string>
				<string>EAAF7C3E1627031E00D2AFE3</string>
				<string>EAAF7C3F1627031E00D2AFE3</string>
				<string>EAAF7C401627031E00D2AFE3</string>
			</array>
			<key>isa</key>
			<string>PBXSourcesBuildPhase</string>
			<key>runOnlyForDeploymentPostprocessing</key>
			<string>0</string>
		</dict>
		<key>EA43E4CB1625F81600C76AF8</key>
		<dict>
			<key>buildActionMask</key>
			<string>2147483647</string>
			<key>files</key>
			<array>
				<string>EA43E4D11625F81600C76AF8</string>
				<string>EA43E4D21625F81600C76AF8</string>
				<string>EA43E4D31625F81600C76AF8</string>
				<string>C1713EFBE359476AA0294F5E</string>
			</array>
			<key>isa</key>
			<string>PBXFrameworksBuildPhase</string>
			<key>runOnlyForDeploymentPostprocessing</key>
			<string>0</string>
		</dict>
		<key>EA43E4CC1625F81600C76AF8</key>
		<dict>
			<key>buildActionMask</key>
			<string>2147483647</string>
			<key>files</key>
			<array>
				<string>EA43E4DB1625F81600C76AF8</string>
			</array>
			<key>isa</key>
			<string>PBXResourcesBuildPhase</string>
			<key>runOnlyForDeploymentPostprocessing</key>
			<string>0</string>
		</dict>
		<key>EA43E4CD1625F81600C76AF8</key>
		<dict>
			<key>buildActionMask</key>
			<string>2147483647</string>
			<key>files</key>
			<array/>
			<key>inputPaths</key>
			<array/>
			<key>isa</key>
			<string>PBXShellScriptBuildPhase</string>
			<key>outputPaths</key>
			<array/>
			<key>runOnlyForDeploymentPostprocessing</key>
			<string>0</string>
			<key>shellPath</key>
			<string>/bin/sh</string>
			<key>shellScript</key>
			<string># Run the unit tests in this test bundle.
"${SYSTEM_DEVELOPER_DIR}/Tools/RunUnitTests"
</string>
		</dict>
		<key>EA43E4CE1625F81600C76AF8</key>
		<dict>
			<key>buildConfigurationList</key>
			<string>EA43E4E41625F81600C76AF8</string>
			<key>buildPhases</key>
			<array>
				<string>EA43E4CA1625F81600C76AF8</string>
				<string>EA43E4CB1625F81600C76AF8</string>
				<string>EA43E4CC1625F81600C76AF8</string>
				<string>EA43E4CD1625F81600C76AF8</string>
				<string>47628188359F4108B7B81B6C</string>
			</array>
			<key>buildRules</key>
			<array/>
			<key>dependencies</key>
			<array>
				<string>EA43E4D51625F81600C76AF8</string>
			</array>
			<key>isa</key>
			<string>PBXNativeTarget</string>
			<key>name</key>
			<string>DXTableKitTests</string>
			<key>productName</key>
			<string>DXTableKitTests</string>
			<key>productReference</key>
			<string>EA43E4CF1625F81600C76AF8</string>
			<key>productType</key>
			<string>com.apple.product-type.bundle</string>
		</dict>
		<key>EA43E4CF1625F81600C76AF8</key>
		<dict>
			<key>explicitFileType</key>
			<string>wrapper.cfbundle</string>
			<key>includeInIndex</key>
			<string>0</string>
			<key>isa</key>
			<string>PBXFileReference</string>
			<key>name</key>
			<string>DXTableKitTests.octest</string>
			<key>path</key>
			<string>DXTableKitTests.octest</string>
			<key>sourceTree</key>
			<string>BUILT_PRODUCTS_DIR</string>
		</dict>
		<key>EA43E4D01625F81600C76AF8</key>
		<dict>
			<key>includeInIndex</key>
			<string>1</string>
			<key>isa</key>
			<string>PBXFileReference</string>
			<key>lastKnownFileType</key>
			<string>wrapper.framework</string>
			<key>name</key>
			<string>SenTestingKit.framework</string>
			<key>path</key>
			<string>Library/Frameworks/SenTestingKit.framework</string>
			<key>sourceTree</key>
			<string>DEVELOPER_DIR</string>
		</dict>
		<key>EA43E4D11625F81600C76AF8</key>
		<dict>
			<key>fileRef</key>
			<string>EA43E4D01625F81600C76AF8</string>
			<key>isa</key>
			<string>PBXBuildFile</string>
		</dict>
		<key>EA43E4D21625F81600C76AF8</key>
		<dict>
			<key>fileRef</key>
			<string>EA43E4B21625F81600C76AF8</string>
			<key>isa</key>
			<string>PBXBuildFile</string>
		</dict>
		<key>EA43E4D31625F81600C76AF8</key>
		<dict>
			<key>fileRef</key>
			<string>EA43E4B41625F81600C76AF8</string>
			<key>isa</key>
			<string>PBXBuildFile</string>
		</dict>
		<key>EA43E4D41625F81600C76AF8</key>
		<dict>
			<key>containerPortal</key>
			<string>EA43E4A51625F81600C76AF8</string>
			<key>isa</key>
			<string>PBXContainerItemProxy</string>
			<key>proxyType</key>
			<string>1</string>
			<key>remoteGlobalIDString</key>
			<string>EA43E4AD1625F81600C76AF8</string>
			<key>remoteInfo</key>
			<string>DXTableKit</string>
		</dict>
		<key>EA43E4D51625F81600C76AF8</key>
		<dict>
			<key>isa</key>
			<string>PBXTargetDependency</string>
			<key>target</key>
			<string>EA43E4AD1625F81600C76AF8</string>
			<key>targetProxy</key>
			<string>EA43E4D41625F81600C76AF8</string>
		</dict>
		<key>EA43E4D61625F81600C76AF8</key>
		<dict>
			<key>children</key>
			<array>
				<string>EAAF7C371627031E00D2AFE3</string>
				<string>EAAF7C381627031E00D2AFE3</string>
				<string>EAAF7C391627031E00D2AFE3</string>
				<string>EAAF7C3A1627031E00D2AFE3</string>
				<string>EAAF7C3B1627031E00D2AFE3</string>
				<string>EA43E4D71625F81600C76AF8</string>
			</array>
			<key>isa</key>
			<string>PBXGroup</string>
			<key>path</key>
			<string>DXTableKitTests</string>
			<key>sourceTree</key>
			<string>&lt;group&gt;</string>
		</dict>
		<key>EA43E4D71625F81600C76AF8</key>
		<dict>
			<key>children</key>
			<array>
				<string>EA43E4D81625F81600C76AF8</string>
				<string>EA43E4D91625F81600C76AF8</string>
			</array>
			<key>isa</key>
			<string>PBXGroup</string>
			<key>name</key>
			<string>Supporting Files</string>
			<key>sourceTree</key>
			<string>&lt;group&gt;</string>
		</dict>
		<key>EA43E4D81625F81600C76AF8</key>
		<dict>
			<key>isa</key>
			<string>PBXFileReference</string>
			<key>lastKnownFileType</key>
			<string>text.plist.xml</string>
			<key>path</key>
			<string>DXTableKitTests-Info.plist</string>
			<key>sourceTree</key>
			<string>&lt;group&gt;</string>
		</dict>
		<key>EA43E4D91625F81600C76AF8</key>
		<dict>
			<key>children</key>
			<array>
				<string>EA43E4DA1625F81600C76AF8</string>
			</array>
			<key>isa</key>
			<string>PBXVariantGroup</string>
			<key>name</key>
			<string>InfoPlist.strings</string>
			<key>sourceTree</key>
			<string>&lt;group&gt;</string>
		</dict>
		<key>EA43E4DA1625F81600C76AF8</key>
		<dict>
			<key>isa</key>
			<string>PBXFileReference</string>
			<key>lastKnownFileType</key>
			<string>text.plist.strings</string>
			<key>name</key>
			<string>en</string>
			<key>path</key>
			<string>en.lproj/InfoPlist.strings</string>
			<key>sourceTree</key>
			<string>&lt;group&gt;</string>
		</dict>
		<key>EA43E4DB1625F81600C76AF8</key>
		<dict>
			<key>fileRef</key>
			<string>EA43E4D91625F81600C76AF8</string>
			<key>isa</key>
			<string>PBXBuildFile</string>
		</dict>
		<key>EA43E4DF1625F81600C76AF8</key>
		<dict>
			<key>buildSettings</key>
			<dict>
				<key>ALWAYS_SEARCH_USER_PATHS</key>
				<string>NO</string>
				<key>CLANG_CXX_LANGUAGE_STANDARD</key>
				<string>gnu++0x</string>
				<key>CLANG_CXX_LIBRARY</key>
				<string>libc++</string>
				<key>CLANG_ENABLE_OBJC_ARC</key>
				<string>YES</string>
				<key>CLANG_WARN_EMPTY_BODY</key>
				<string>YES</string>
				<key>CLANG_WARN__DUPLICATE_METHOD_MATCH</key>
				<string>YES</string>
				<key>CODE_SIGN_IDENTITY[sdk=iphoneos*]</key>
				<string>iPhone Developer</string>
				<key>COPY_PHASE_STRIP</key>
				<string>NO</string>
				<key>GCC_C_LANGUAGE_STANDARD</key>
				<string>gnu99</string>
				<key>GCC_DYNAMIC_NO_PIC</key>
				<string>NO</string>
				<key>GCC_OPTIMIZATION_LEVEL</key>
				<string>0</string>
				<key>GCC_PREPROCESSOR_DEFINITIONS</key>
				<array>
					<string>DEBUG=1</string>
					<string>$(inherited)</string>
				</array>
				<key>GCC_SYMBOLS_PRIVATE_EXTERN</key>
				<string>NO</string>
				<key>GCC_WARN_ABOUT_RETURN_TYPE</key>
				<string>YES</string>
				<key>GCC_WARN_UNINITIALIZED_AUTOS</key>
				<string>YES</string>
				<key>GCC_WARN_UNUSED_VARIABLE</key>
				<string>YES</string>
				<key>IPHONEOS_DEPLOYMENT_TARGET</key>
				<string>6.0</string>
				<key>ONLY_ACTIVE_ARCH</key>
				<string>YES</string>
				<key>SDKROOT</key>
				<string>iphoneos</string>
			</dict>
			<key>isa</key>
			<string>XCBuildConfiguration</string>
			<key>name</key>
			<string>Debug</string>
		</dict>
		<key>EA43E4E01625F81600C76AF8</key>
		<dict>
			<key>buildSettings</key>
			<dict>
				<key>ALWAYS_SEARCH_USER_PATHS</key>
				<string>NO</string>
				<key>CLANG_CXX_LANGUAGE_STANDARD</key>
				<string>gnu++0x</string>
				<key>CLANG_CXX_LIBRARY</key>
				<string>libc++</string>
				<key>CLANG_ENABLE_OBJC_ARC</key>
				<string>YES</string>
				<key>CLANG_WARN_EMPTY_BODY</key>
				<string>YES</string>
				<key>CLANG_WARN__DUPLICATE_METHOD_MATCH</key>
				<string>YES</string>
				<key>CODE_SIGN_IDENTITY[sdk=iphoneos*]</key>
				<string>iPhone Developer</string>
				<key>COPY_PHASE_STRIP</key>
				<string>YES</string>
				<key>GCC_C_LANGUAGE_STANDARD</key>
				<string>gnu99</string>
				<key>GCC_WARN_ABOUT_RETURN_TYPE</key>
				<string>YES</string>
				<key>GCC_WARN_UNINITIALIZED_AUTOS</key>
				<string>YES</string>
				<key>GCC_WARN_UNUSED_VARIABLE</key>
				<string>YES</string>
				<key>IPHONEOS_DEPLOYMENT_TARGET</key>
				<string>6.0</string>
				<key>OTHER_CFLAGS</key>
				<string>-DNS_BLOCK_ASSERTIONS=1</string>
				<key>SDKROOT</key>
				<string>iphoneos</string>
				<key>VALIDATE_PRODUCT</key>
				<string>YES</string>
			</dict>
			<key>isa</key>
			<string>XCBuildConfiguration</string>
			<key>name</key>
			<string>Release</string>
		</dict>
		<key>EA43E4E11625F81600C76AF8</key>
		<dict>
			<key>buildConfigurations</key>
			<array>
				<string>EA43E4E21625F81600C76AF8</string>
				<string>EA43E4E31625F81600C76AF8</string>
			</array>
			<key>defaultConfigurationIsVisible</key>
			<string>0</string>
			<key>defaultConfigurationName</key>
			<string>Release</string>
			<key>isa</key>
			<string>XCConfigurationList</string>
		</dict>
		<key>EA43E4E21625F81600C76AF8</key>
		<dict>
			<key>buildSettings</key>
			<dict>
				<key>GCC_PRECOMPILE_PREFIX_HEADER</key>
				<string>YES</string>
				<key>GCC_PREFIX_HEADER</key>
				<string>DXTableKit/DXTableKit-Prefix.pch</string>
				<key>INFOPLIST_FILE</key>
				<string>DXTableKit/DXTableKit-Info.plist</string>
				<key>PRODUCT_NAME</key>
				<string>$(TARGET_NAME)</string>
				<key>WRAPPER_EXTENSION</key>
				<string>app</string>
			</dict>
			<key>isa</key>
			<string>XCBuildConfiguration</string>
			<key>name</key>
			<string>Debug</string>
		</dict>
		<key>EA43E4E31625F81600C76AF8</key>
		<dict>
			<key>buildSettings</key>
			<dict>
				<key>GCC_PRECOMPILE_PREFIX_HEADER</key>
				<string>YES</string>
				<key>GCC_PREFIX_HEADER</key>
				<string>DXTableKit/DXTableKit-Prefix.pch</string>
				<key>INFOPLIST_FILE</key>
				<string>DXTableKit/DXTableKit-Info.plist</string>
				<key>PRODUCT_NAME</key>
				<string>$(TARGET_NAME)</string>
				<key>WRAPPER_EXTENSION</key>
				<string>app</string>
			</dict>
			<key>isa</key>
			<string>XCBuildConfiguration</string>
			<key>name</key>
			<string>Release</string>
		</dict>
		<key>EA43E4E41625F81600C76AF8</key>
		<dict>
			<key>buildConfigurations</key>
			<array>
				<string>EA43E4E51625F81600C76AF8</string>
				<string>EA43E4E61625F81600C76AF8</string>
			</array>
			<key>defaultConfigurationIsVisible</key>
			<string>0</string>
			<key>defaultConfigurationName</key>
			<string>Release</string>
			<key>isa</key>
			<string>XCConfigurationList</string>
		</dict>
		<key>EA43E4E51625F81600C76AF8</key>
		<dict>
			<key>baseConfigurationReference</key>
			<string>C39B66AC5E5D40E28EE1BBE2</string>
			<key>buildSettings</key>
			<dict>
				<key>BUNDLE_LOADER</key>
				<string>$(BUILT_PRODUCTS_DIR)/DXTableKit.app/DXTableKit</string>
				<key>FRAMEWORK_SEARCH_PATHS</key>
				<array>
					<string>"$(SDKROOT)/Developer/Library/Frameworks"</string>
					<string>"$(DEVELOPER_LIBRARY_DIR)/Frameworks"</string>
				</array>
				<key>GCC_PRECOMPILE_PREFIX_HEADER</key>
				<string>YES</string>
				<key>GCC_PREFIX_HEADER</key>
				<string>DXTableKit/DXTableKit-Prefix.pch</string>
				<key>INFOPLIST_FILE</key>
				<string>DXTableKitTests/DXTableKitTests-Info.plist</string>
				<key>OTHER_LDFLAGS</key>
				<string>-all_load</string>
				<key>PRODUCT_NAME</key>
				<string>$(TARGET_NAME)</string>
				<key>TEST_HOST</key>
				<string>$(BUNDLE_LOADER)</string>
				<key>WRAPPER_EXTENSION</key>
				<string>octest</string>
			</dict>
			<key>isa</key>
			<string>XCBuildConfiguration</string>
			<key>name</key>
			<string>Debug</string>
		</dict>
		<key>EA43E4E61625F81600C76AF8</key>
		<dict>
			<key>baseConfigurationReference</key>
			<string>C39B66AC5E5D40E28EE1BBE2</string>
			<key>buildSettings</key>
			<dict>
				<key>BUNDLE_LOADER</key>
				<string>$(BUILT_PRODUCTS_DIR)/DXTableKit.app/DXTableKit</string>
				<key>FRAMEWORK_SEARCH_PATHS</key>
				<array>
					<string>"$(SDKROOT)/Developer/Library/Frameworks"</string>
					<string>"$(DEVELOPER_LIBRARY_DIR)/Frameworks"</string>
				</array>
				<key>GCC_PRECOMPILE_PREFIX_HEADER</key>
				<string>YES</string>
				<key>GCC_PREFIX_HEADER</key>
				<string>DXTableKit/DXTableKit-Prefix.pch</string>
				<key>INFOPLIST_FILE</key>
				<string>DXTableKitTests/DXTableKitTests-Info.plist</string>
				<key>OTHER_LDFLAGS</key>
				<string>-all_load</string>
				<key>PRODUCT_NAME</key>
				<string>$(TARGET_NAME)</string>
				<key>TEST_HOST</key>
				<string>$(BUNDLE_LOADER)</string>
				<key>WRAPPER_EXTENSION</key>
				<string>octest</string>
			</dict>
			<key>isa</key>
			<string>XCBuildConfiguration</string>
			<key>name</key>
			<string>Release</string>
		</dict>
		<key>EA43E4E71625F82F00C76AF8</key>
		<dict>
			<key>fileEncoding</key>
			<string>4</string>
			<key>isa</key>
			<string>PBXFileReference</string>
			<key>lastKnownFileType</key>
			<string>sourcecode.c.h</string>
			<key>path</key>
			<string>DXSection.h</string>
			<key>sourceTree</key>
			<string>&lt;group&gt;</string>
		</dict>
		<key>EA43E4E81625F82F00C76AF8</key>
		<dict>
			<key>fileEncoding</key>
			<string>4</string>
			<key>isa</key>
			<string>PBXFileReference</string>
			<key>lastKnownFileType</key>
			<string>sourcecode.c.objc</string>
			<key>path</key>
			<string>DXSection.m</string>
			<key>sourceTree</key>
			<string>&lt;group&gt;</string>
		</dict>
		<key>EA43E4E91625F83000C76AF8</key>
		<dict>
			<key>fileRef</key>
			<string>EA43E4E81625F82F00C76AF8</string>
			<key>isa</key>
			<string>PBXBuildFile</string>
		</dict>
		<key>EA43E4EA1625F88500C76AF8</key>
		<dict>
			<key>fileEncoding</key>
			<string>4</string>
			<key>isa</key>
			<string>PBXFileReference</string>
			<key>lastKnownFileType</key>
			<string>sourcecode.c.h</string>
			<key>path</key>
			<string>DXElement.h</string>
			<key>sourceTree</key>
			<string>&lt;group&gt;</string>
		</dict>
		<key>EA43E4EB1625F88500C76AF8</key>
		<dict>
			<key>fileEncoding</key>
			<string>4</string>
			<key>isa</key>
			<string>PBXFileReference</string>
			<key>lastKnownFileType</key>
			<string>sourcecode.c.objc</string>
			<key>path</key>
			<string>DXElement.m</string>
			<key>sourceTree</key>
			<string>&lt;group&gt;</string>
		</dict>
		<key>EA43E4EC1625F88500C76AF8</key>
		<dict>
			<key>fileRef</key>
			<string>EA43E4EB1625F88500C76AF8</string>
			<key>isa</key>
			<string>PBXBuildFile</string>
		</dict>
		<key>EA43E4ED1625F89E00C76AF8</key>
		<dict>
			<key>fileEncoding</key>
			<string>4</string>
			<key>isa</key>
			<string>PBXFileReference</string>
			<key>lastKnownFileType</key>
			<string>sourcecode.c.h</string>
			<key>path</key>
			<string>DXRootElement.h</string>
			<key>sourceTree</key>
			<string>&lt;group&gt;</string>
		</dict>
		<key>EA43E4EE1625F89E00C76AF8</key>
		<dict>
			<key>fileEncoding</key>
			<string>4</string>
			<key>isa</key>
			<string>PBXFileReference</string>
			<key>lastKnownFileType</key>
			<string>sourcecode.c.objc</string>
			<key>path</key>
			<string>DXRootElement.m</string>
			<key>sourceTree</key>
			<string>&lt;group&gt;</string>
		</dict>
		<key>EA43E4EF1625F89E00C76AF8</key>
		<dict>
			<key>fileRef</key>
			<string>EA43E4EE1625F89E00C76AF8</string>
			<key>isa</key>
			<string>PBXBuildFile</string>
		</dict>
		<key>EA43E4F01625FC0A00C76AF8</key>
		<dict>
			<key>fileEncoding</key>
			<string>4</string>
			<key>isa</key>
			<string>PBXFileReference</string>
			<key>lastKnownFileType</key>
			<string>sourcecode.c.h</string>
			<key>path</key>
			<string>DXController.h</string>
			<key>sourceTree</key>
			<string>&lt;group&gt;</string>
		</dict>
		<key>EA43E4F11625FC0A00C76AF8</key>
		<dict>
			<key>fileEncoding</key>
			<string>4</string>
			<key>isa</key>
			<string>PBXFileReference</string>
			<key>lastKnownFileType</key>
			<string>sourcecode.c.objc</string>
			<key>path</key>
			<string>DXController.m</string>
			<key>sourceTree</key>
			<string>&lt;group&gt;</string>
		</dict>
		<key>EA43E4F21625FC0A00C76AF8</key>
		<dict>
			<key>fileRef</key>
			<string>EA43E4F11625FC0A00C76AF8</string>
			<key>isa</key>
			<string>PBXBuildFile</string>
		</dict>
		<key>EA43E4F31625FC4000C76AF8</key>
		<dict>
			<key>fileEncoding</key>
			<string>4</string>
			<key>isa</key>
			<string>PBXFileReference</string>
			<key>lastKnownFileType</key>
			<string>sourcecode.c.h</string>
			<key>path</key>
			<string>DXTableView.h</string>
			<key>sourceTree</key>
			<string>&lt;group&gt;</string>
		</dict>
		<key>EA43E4F41625FC4000C76AF8</key>
		<dict>
			<key>fileEncoding</key>
			<string>4</string>
			<key>isa</key>
			<string>PBXFileReference</string>
			<key>lastKnownFileType</key>
			<string>sourcecode.c.objc</string>
			<key>path</key>
			<string>DXTableView.m</string>
			<key>sourceTree</key>
			<string>&lt;group&gt;</string>
		</dict>
		<key>EA43E4F51625FC4000C76AF8</key>
		<dict>
			<key>fileRef</key>
			<string>EA43E4F41625FC4000C76AF8</string>
			<key>isa</key>
			<string>PBXBuildFile</string>
		</dict>
		<key>EA43E4F61625FC5B00C76AF8</key>
		<dict>
			<key>fileEncoding</key>
			<string>4</string>
			<key>isa</key>
			<string>PBXFileReference</string>
			<key>lastKnownFileType</key>
			<string>sourcecode.c.h</string>
			<key>path</key>
			<string>DXTableCell.h</string>
			<key>sourceTree</key>
			<string>&lt;group&gt;</string>
		</dict>
		<key>EA43E4F71625FC5B00C76AF8</key>
		<dict>
			<key>fileEncoding</key>
			<string>4</string>
			<key>isa</key>
			<string>PBXFileReference</string>
			<key>lastKnownFileType</key>
			<string>sourcecode.c.objc</string>
			<key>path</key>
			<string>DXTableCell.m</string>
			<key>sourceTree</key>
			<string>&lt;group&gt;</string>
		</dict>
		<key>EA43E4F81625FC5B00C76AF8</key>
		<dict>
			<key>fileRef</key>
			<string>EA43E4F71625FC5B00C76AF8</string>
			<key>isa</key>
			<string>PBXBuildFile</string>
		</dict>
		<key>EA43E4FB1626001100C76AF8</key>
		<dict>
			<key>fileEncoding</key>
			<string>4</string>
			<key>isa</key>
			<string>PBXFileReference</string>
			<key>lastKnownFileType</key>
			<string>sourcecode.c.h</string>
			<key>path</key>
			<string>DXDelegate.h</string>
			<key>sourceTree</key>
			<string>&lt;group&gt;</string>
		</dict>
		<key>EA43E4FF1626003C00C76AF8</key>
		<dict>
			<key>fileEncoding</key>
			<string>4</string>
			<key>isa</key>
			<string>PBXFileReference</string>
			<key>lastKnownFileType</key>
			<string>sourcecode.c.h</string>
			<key>path</key>
			<string>DXDataSource.h</string>
			<key>sourceTree</key>
			<string>&lt;group&gt;</string>
		</dict>
		<key>EA43E5001626003C00C76AF8</key>
		<dict>
			<key>fileEncoding</key>
			<string>4</string>
			<key>isa</key>
			<string>PBXFileReference</string>
			<key>lastKnownFileType</key>
			<string>sourcecode.c.objc</string>
			<key>path</key>
			<string>DXDataSource.m</string>
			<key>sourceTree</key>
			<string>&lt;group&gt;</string>
		</dict>
		<key>EA43E5011626003D00C76AF8</key>
		<dict>
			<key>fileEncoding</key>
			<string>4</string>
			<key>isa</key>
			<string>PBXFileReference</string>
			<key>lastKnownFileType</key>
			<string>sourcecode.c.objc</string>
			<key>path</key>
			<string>DXDelegate.m</string>
			<key>sourceTree</key>
			<string>&lt;group&gt;</string>
		</dict>
		<key>EA43E5021626003D00C76AF8</key>
		<dict>
			<key>fileRef</key>
			<string>EA43E5001626003C00C76AF8</string>
			<key>isa</key>
			<string>PBXBuildFile</string>
		</dict>
		<key>EA43E5031626003D00C76AF8</key>
		<dict>
			<key>fileRef</key>
			<string>EA43E5011626003D00C76AF8</string>
			<key>isa</key>
			<string>PBXBuildFile</string>
		</dict>
		<key>EA43E5041626046300C76AF8</key>
		<dict>
			<key>children</key>
			<array>
				<string>EA43E4F01625FC0A00C76AF8</string>
				<string>EA43E4F11625FC0A00C76AF8</string>
				<string>EA43E4F31625FC4000C76AF8</string>
				<string>EA43E4F41625FC4000C76AF8</string>
				<string>EA43E4F61625FC5B00C76AF8</string>
				<string>EA43E4F71625FC5B00C76AF8</string>
				<string>EA43E4FF1626003C00C76AF8</string>
				<string>EA43E5001626003C00C76AF8</string>
				<string>EA43E4FB1626001100C76AF8</string>
				<string>EA43E5011626003D00C76AF8</string>
			</array>
			<key>isa</key>
			<string>PBXGroup</string>
			<key>name</key>
			<string>Controller</string>
			<key>sourceTree</key>
			<string>&lt;group&gt;</string>
		</dict>
		<key>EA43E5051626048000C76AF8</key>
		<dict>
			<key>children</key>
			<array>
				<string>EA43E4EA1625F88500C76AF8</string>
				<string>EA43E4EB1625F88500C76AF8</string>
				<string>EA43E4ED1625F89E00C76AF8</string>
				<string>EA43E4EE1625F89E00C76AF8</string>
				<string>EA43E506162604BF00C76AF8</string>
				<string>EA43E507162604BF00C76AF8</string>
				<string>EA43E51116260D1100C76AF8</string>
				<string>EA43E51216260D1100C76AF8</string>
			</array>
			<key>isa</key>
			<string>PBXGroup</string>
			<key>name</key>
			<string>Elements</string>
			<key>sourceTree</key>
			<string>&lt;group&gt;</string>
		</dict>
		<key>EA43E506162604BF00C76AF8</key>
		<dict>
			<key>fileEncoding</key>
			<string>4</string>
			<key>isa</key>
			<string>PBXFileReference</string>
			<key>lastKnownFileType</key>
			<string>sourcecode.c.h</string>
			<key>path</key>
			<string>DXLabelElement.h</string>
			<key>sourceTree</key>
			<string>&lt;group&gt;</string>
		</dict>
		<key>EA43E507162604BF00C76AF8</key>
		<dict>
			<key>fileEncoding</key>
			<string>4</string>
			<key>isa</key>
			<string>PBXFileReference</string>
			<key>lastKnownFileType</key>
			<string>sourcecode.c.objc</string>
			<key>path</key>
			<string>DXLabelElement.m</string>
			<key>sourceTree</key>
			<string>&lt;group&gt;</string>
		</dict>
		<key>EA43E508162604BF00C76AF8</key>
		<dict>
			<key>fileRef</key>
			<string>EA43E507162604BF00C76AF8</string>
			<key>isa</key>
			<string>PBXBuildFile</string>
		</dict>
		<key>EA43E51116260D1100C76AF8</key>
		<dict>
			<key>fileEncoding</key>
			<string>4</string>
			<key>isa</key>
			<string>PBXFileReference</string>
			<key>lastKnownFileType</key>
			<string>sourcecode.c.h</string>
			<key>path</key>
			<string>DXExampleViewController.h</string>
			<key>sourceTree</key>
			<string>&lt;group&gt;</string>
		</dict>
		<key>EA43E51216260D1100C76AF8</key>
		<dict>
			<key>fileEncoding</key>
			<string>4</string>
			<key>isa</key>
			<string>PBXFileReference</string>
			<key>lastKnownFileType</key>
			<string>sourcecode.c.objc</string>
			<key>path</key>
			<string>DXExampleViewController.m</string>
			<key>sourceTree</key>
			<string>&lt;group&gt;</string>
		</dict>
		<key>EA43E51316260D1100C76AF8</key>
		<dict>
			<key>fileRef</key>
			<string>EA43E51216260D1100C76AF8</string>
			<key>isa</key>
			<string>PBXBuildFile</string>
		</dict>
		<key>EAAF7C371627031E00D2AFE3</key>
		<dict>
			<key>fileEncoding</key>
			<string>4</string>
			<key>isa</key>
			<string>PBXFileReference</string>
			<key>lastKnownFileType</key>
			<string>sourcecode.c.objc</string>
			<key>path</key>
			<string>DXControllerTests.m</string>
			<key>sourceTree</key>
			<string>&lt;group&gt;</string>
		</dict>
		<key>EAAF7C381627031E00D2AFE3</key>
		<dict>
			<key>fileEncoding</key>
			<string>4</string>
			<key>isa</key>
			<string>PBXFileReference</string>
			<key>lastKnownFileType</key>
			<string>sourcecode.c.objc</string>
			<key>path</key>
			<string>DXElementsTest.m</string>
			<key>sourceTree</key>
			<string>&lt;group&gt;</string>
		</dict>
		<key>EAAF7C391627031E00D2AFE3</key>
		<dict>
			<key>fileEncoding</key>
			<string>4</string>
			<key>isa</key>
			<string>PBXFileReference</string>
			<key>lastKnownFileType</key>
			<string>sourcecode.c.objc</string>
			<key>path</key>
			<string>DXElementsTests.m</string>
			<key>sourceTree</key>
			<string>&lt;group&gt;</string>
		</dict>
		<key>EAAF7C3A1627031E00D2AFE3</key>
		<dict>
			<key>fileEncoding</key>
			<string>4</string>
			<key>isa</key>
			<string>PBXFileReference</string>
			<key>lastKnownFileType</key>
			<string>sourcecode.c.objc</string>
			<key>path</key>
			<string>DXSectionTests.m</string>
			<key>sourceTree</key>
			<string>&lt;group&gt;</string>
		</dict>
		<key>EAAF7C3B1627031E00D2AFE3</key>
		<dict>
			<key>fileEncoding</key>
			<string>4</string>
			<key>isa</key>
			<string>PBXFileReference</string>
			<key>lastKnownFileType</key>
			<string>sourcecode.c.objc</string>
			<key>path</key>
			<string>DXTableViewTests.m</string>
			<key>sourceTree</key>
			<string>&lt;group&gt;</string>
		</dict>
		<key>EAAF7C3C1627031E00D2AFE3</key>
		<dict>
			<key>fileRef</key>
			<string>EAAF7C371627031E00D2AFE3</string>
			<key>isa</key>
			<string>PBXBuildFile</string>
		</dict>
		<key>EAAF7C3D1627031E00D2AFE3</key>
		<dict>
			<key>fileRef</key>
			<string>EAAF7C381627031E00D2AFE3</string>
			<key>isa</key>
			<string>PBXBuildFile</string>
		</dict>
		<key>EAAF7C3E1627031E00D2AFE3</key>
		<dict>
			<key>fileRef</key>
			<string>EAAF7C391627031E00D2AFE3</string>
			<key>isa</key>
			<string>PBXBuildFile</string>
		</dict>
		<key>EAAF7C3F1627031E00D2AFE3</key>
		<dict>
			<key>fileRef</key>
			<string>EAAF7C3A1627031E00D2AFE3</string>
			<key>isa</key>
			<string>PBXBuildFile</string>
		</dict>
		<key>EAAF7C401627031E00D2AFE3</key>
		<dict>
			<key>fileRef</key>
			<string>EAAF7C3B1627031E00D2AFE3</string>
			<key>isa</key>
			<string>PBXBuildFile</string>
		</dict>
	</dict>
	<key>rootObject</key>
	<string>EA43E4A51625F81600C76AF8</string>
</dict>
</plist>
